
Microsoft Visual Studio Solution File, Format Version 12.00
# Visual Studio 2012
Project("{FAE04EC0-301F-11D3-BF4B-00C04F79EFBC}") = "MongoDBTutorial", "MongoDBTutorial\MongoDBTutorial.csproj", "{F5C8BAEE-FD42-4102-966F-7C8BF3D8D0E5}"
EndProject
Project("{FAE04EC0-301F-11D3-BF4B-00C04F79EFBC}") = "Core", "Core\Core.csproj", "{35DA74DE-0F3C-41BF-95AA-62A11653050C}"
EndProject
Global
	GlobalSection(SolutionConfigurationPlatforms) = preSolution
		Debug|Any CPU = Debug|Any CPU
		Release|Any CPU = Release|Any CPU
	EndGlobalSection
	GlobalSection(ProjectConfigurationPlatforms) = postSolution
		{F5C8BAEE-FD42-4102-966F-7C8BF3D8D0E5}.Debug|Any CPU.ActiveCfg = Debug|Any CPU
		{F5C8BAEE-FD42-4102-966F-7C8BF3D8D0E5}.Debug|Any CPU.Build.0 = Debug|Any CPU
		{F5C8BAEE-FD42-4102-966F-7C8BF3D8D0E5}.Release|Any CPU.ActiveCfg = Release|Any CPU
		{F5C8BAEE-FD42-4102-966F-7C8BF3D8D0E5}.Release|Any CPU.Build.0 = Release|Any CPU
		{35DA74DE-0F3C-41BF-95AA-62A11653050C}.Debug|Any CPU.ActiveCfg = Debug|Any CPU
		{35DA74DE-0F3C-41BF-95AA-62A11653050C}.Debug|Any CPU.Build.0 = Debug|Any CPU
		{35DA74DE-0F3C-41BF-95AA-62A11653050C}.Release|Any CPU.ActiveCfg = Release|Any CPU
		{35DA74DE-0F3C-41BF-95AA-62A11653050C}.Release|Any CPU.Build.0 = Release|Any CPU
	EndGlobalSection
	GlobalSection(SolutionProperties) = preSolution
		HideSolutionNode = FALSE
	EndGlobalSection
EndGlobal
